{
  "name": "motioncontrol-promo",
  "lockfileVersion": 3,
  "requires": true,
  "packages": {
    "": {
      "name": "motioncontrol-promo",
      "dependencies": {
        "@fontsource/jetbrains-mono": "^5.3.0",
        "@fontsource/noto-sans-sc": "^5.3.0",
        "@fontsource/zcool-kuaile": "^5.3.0",
        "@fontsource/zcool-qingke-huangyou": "^5.3.0",
        "lxgw-wenkai-webfont": "^1.7.0"
      }
    },
    "node_modules/@fontsource/jetbrains-mono": {
      "version": "5.3.0",
      "resolved": "https://registry.npmjs.org/@fontsource/jetbrains-mono/-/jetbrains-mono-5.3.0.tgz",
      "integrity": "sha512-fqDfB5I9f1p1TV486aUgB9t8zP84P0O1FtQR5Ol9vjwPy+S+EIGlVYm1cvj2W5shcZMTg2nZFdVMoH5wFu8a1A==",
      "license": "OFL-1.1",
      "funding": {
        "url": "https://github.com/sponsors/ayuhito"
      }
    },
    "node_modules/@fontsource/noto-sans-sc": {
      "version": "5.3.0",
      "resolved": "https://registry.npmjs.org/@fontsource/noto-sans-sc/-/noto-sans-sc-5.3.0.tgz",
      "integrity": "sha512-HeqIlGm0+ohOKxZLuHj1qW6r6avHH0OWdKERAcSDI0RQ+MXrteuLKA+M+5eOA8rYy0MFvOR5AT0fQo2rUkye0Q==",
      "license": "OFL-1.1",
      "funding": {
        "url": "https://github.com/sponsors/ayuhito"
      }
    },
    "node_modules/@fontsource/zcool-kuaile": {
      "version": "5.3.0",
      "resolved": "https://registry.npmjs.org/@fontsource/zcool-kuaile/-/zcool-kuaile-5.3.0.tgz",
      "integrity": "sha512-jn4vpQ6QSVEckUn7uk5a9XcZMxEksTRqljmeE1VKRGMjGd6VoXdMyLGSdnTXSVwZLCCEHaIcm/2cdQuwvasJ9w==",
      "license": "OFL-1.1",
      "funding": {
        "url": "https://github.com/sponsors/ayuhito"
      }
    },
    "node_modules/@fontsource/zcool-qingke-huangyou": {
      "version": "5.3.0",
      "resolved": "https://registry.npmjs.org/@fontsource/zcool-qingke-huangyou/-/zcool-qingke-huangyou-5.3.0.tgz",
      "integrity": "sha512-6/ld8x/knq1NjDQxLSyg9pDnBPOmtWDb30ZTFk+n8OxfkBoUvPAxh3aV/6+UFGmA5CekJfcgpUwd2/x/weLvSQ==",
      "license": "OFL-1.1",
      "funding": {
        "url": "https://github.com/sponsors/ayuhito"
      }
    },
    "node_modules/lxgw-wenkai-webfont": {
      "version": "1.7.0",
      "resolved": "https://registry.npmjs.org/lxgw-wenkai-webfont/-/lxgw-wenkai-webfont-1.7.0.tgz",
      "integrity": "sha512-kVJmT4xMAyOLhG6q0w63wJkVU7RP8UMQRGoAWj9tnpzL7sWFFYiEHBdUQyW9myqBQFa5SQfWfa2VLYF4IJBL5g==",
      "license": "MIT"
    }
  }
}
